// !$*UTF8*$!
{
	archiveVersion = 1;
	classes = {
	};
	objectVersion = 55;
	objects = {

/* Begin PBXBuildFile section */
		BDE3A8AE2891E5FA00C8E2CC /* AppDelegate.swift in Sources */ = {isa = PBXBuildFile; fileRef = BDE3A8AD2891E5FA00C8E2CC /* AppDelegate.swift */; };
		BDE3A8B02891E5FA00C8E2CC /* SceneDelegate.swift in Sources */ = {isa = PBXBuildFile; fileRef = BDE3A8AF2891E5FA00C8E2CC /* SceneDelegate.swift */; };
		BDE3A8B22891E5FA00C8E2CC /* ViewController.swift in Sources */ = {isa = PBXBuildFile; fileRef = BDE3A8B12891E5FA00C8E2CC /* ViewController.swift */; };
		BDE3A8B52891E5FA00C8E2CC /* Main.storyboard in Resources */ = {isa = PBXBuildFile; fileRef = BDE3A8B32891E5FA00C8E2CC /* Main.storyboard */; };
		BDE3A8B72891E5FA00C8E2CC /* Assets.xcassets in Resources */ = {isa = PBXBuildFile; fileRef = BDE3A8B62891E5FA00C8E2CC /* Assets.xcassets */; };
		BDE3A8BA2891E5FA00C8E2CC /* LaunchScreen.storyboard in Resources */ = {isa = PBXBuildFile; fileRef = BDE3A8B82891E5FA00C8E2CC /* LaunchScreen.storyboard */; };
		BDE3A8C52891E5FA00C8E2CC /* AboutMedhaTests.swift in Sources */ = {isa = PBXBuildFile; fileRef = BDE3A8C42891E5FA00C8E2CC /* AboutMedhaTests.swift */; };
		BDE3A8CF2891E5FA00C8E2CC /* AboutMedhaUITests.swift in Sources */ = {isa = PBXBuildFile; fileRef = BDE3A8CE2891E5FA00C8E2CC /* AboutMedhaUITests.swift */; };
		BDE3A8D12891E5FA00C8E2CC /* AboutMedhaUITestsLaunchTests.swift in Sources */ = {isa = PBXBuildFile; fileRef = BDE3A8D02891E5FA00C8E2CC /* AboutMedhaUITestsLaunchTests.swift */; };
		BDE3A8E02891F54200C8E2CC /* ViewControllerTwo.swift in Sources */ = {isa = PBXBuildFile; fileRef = BDE3A8DF2891F54200C8E2CC /* ViewControllerTwo.swift */; };
		BDE3A8E22892F0A200C8E2CC /* ViewControllerThree.swift in Sources */ = {isa = PBXBuildFile; fileRef = BDE3A8E12892F0A200C8E2CC /* ViewControllerThree.swift */; };
/* End PBXBuildFile section */

/* Begin PBXContainerItemProxy section */
		BDE3A8C12891E5FA00C8E2CC /* PBXContainerItemProxy */ = {
			isa = PBXContainerItemProxy;
			containerPortal = BDE3A8A22891E5FA00C8E2CC /* Project object */;
			proxyType = 1;
			remoteGlobalIDString = BDE3A8A92891E5FA00C8E2CC;
			remoteInfo = AboutMedha;
		};
		BDE3A8CB2891E5FA00C8E2CC /* PBXContainerItemProxy */ = {
			isa = PBXContainerItemProxy;
			containerPortal = BDE3A8A22891E5FA00C8E2CC /* Project object */;
			proxyType = 1;
			remoteGlobalIDString = BDE3A8A92891E5FA00C8E2CC;
			remoteInfo = AboutMedha;
		};
/* End PBXContainerItemProxy section */

/* Begin PBXFileReference section */
		BDE3A8AA2891E5FA00C8E2CC /* AboutMedha.app */ = {isa = PBXFileReference; explicitFileType = wrapper.application; includeInIndex = 0; path = AboutMedha.app; sourceTree = BUILT_PRODUCTS_DIR; };
		BDE3A8AD2891E5FA00C8E2CC /* AppDelegate.swift */ = {isa = PBXFileReference; lastKnownFileType = sourcecode.swift; path = AppDelegate.swift; sourceTree = "<group>"; };
		BDE3A8AF2891E5FA00C8E2CC /* SceneDelegate.swift */ = {isa = PBXFileReference; lastKnownFileType = sourcecode.swift; path = SceneDelegate.swift; sourceTree = "<group>"; };
		BDE3A8B12891E5FA00C8E2CC /* ViewController.swift */ = {isa = PBXFileReference; lastKnownFileType = sourcecode.swift; path = ViewController.swift; sourceTree = "<group>"; };
		BDE3A8B42891E5FA00C8E2CC /* Base */ = {isa = PBXFileReference; lastKnownFileType = file.storyboard; name = Base; path = Base.lproj/Main.storyboard; sourceTree = "<group>"; };
		BDE3A8B62891E5FA00C8E2CC /* Assets.xcassets */ = {isa = PBXFileReference; lastKnownFileType = folder.assetcatalog; path = Assets.xcassets; sourceTree = "<group>"; };
		BDE3A8B92891E5FA00C8E2CC /* Base */ = {isa = PBXFileReference; lastKnownFileType = file.storyboard; name = Base; path = Base.lproj/LaunchScreen.storyboard; sourceTree = "<group>"; };
		BDE3A8BB2891E5FA00C8E2CC /* Info.plist */ = {isa = PBXFileReference; lastKnownFileType = text.plist.xml; path = Info.plist; sourceTree = "<group>"; };
		BDE3A8C02891E5FA00C8E2CC /* AboutMedhaTests.xctest */ = {isa = PBXFileReference; explicitFileType = wrapper.cfbundle; includeInIndex = 0; path = AboutMedhaTests.xctest; sourceTree = BUILT_PRODUCTS_DIR; };
		BDE3A8C42891E5FA00C8E2CC /* AboutMedhaTests.swift */ = {isa = PBXFileReference; lastKnownFileType = sourcecode.swift; path = AboutMedhaTests.swift; sourceTree = "<group>"; };
		BDE3A8CA2891E5FA00C8E2CC /* AboutMedhaUITests.xctest */ = {isa = PBXFileReference; explicitFileType = wrapper.cfbundle; includeInIndex = 0; path = AboutMedhaUITests.xctest; sourceTree = BUILT_PRODUCTS_DIR; };
		BDE3A8CE2891E5FA00C8E2CC /* AboutMedhaUITests.swift */ = {isa = PBXFileReference; lastKnownFileType = sourcecode.swift; path = AboutMedhaUITests.swift; sourceTree = "<group>"; };
		BDE3A8D02891E5FA00C8E2CC /* AboutMedhaUITestsLaunchTests.swift */ = {isa = PBXFileReference; lastKnownFileType = sourcecode.swift; path = AboutMedhaUITestsLaunchTests.swift; sourceTree = "<group>"; };
		BDE3A8DF2891F54200C8E2CC /* ViewControllerTwo.swift */ = {isa = PBXFileReference; lastKnownFileType = sourcecode.swift; path = ViewControllerTwo.swift; sourceTree = "<group>"; };
		BDE3A8E12892F0A200C8E2CC /* ViewControllerThree.swift */ = {isa = PBXFileReference; lastKnownFileType = sourcecode.swift; path = ViewControllerThree.swift; sourceTree = "<group>"; };
/* End PBXFileReference section */

/* Begin PBXFrameworksBuildPhase section */
		BDE3A8A72891E5FA00C8E2CC /* Frameworks */ = {
			isa = PBXFrameworksBuildPhase;
			buildActionMask = 2147483647;
			files = (
			);
			runOnlyForDeploymentPostprocessing = 0;
		};
		BDE3A8BD2891E5FA00C8E2CC /* Frameworks */ = {
			isa = PBXFrameworksBuildPhase;
			buildActionMask = 2147483647;
			files = (
			);
			runOnlyForDeploymentPostprocessing = 0;
		};
		BDE3A8C72891E5FA00C8E2CC /* Frameworks */ = {
			isa = PBXFrameworksBuildPhase;
			buildActionMask = 2147483647;
			files = (
			);
			runOnlyForDeploymentPostprocessing = 0;
		};
/* End PBXFrameworksBuildPhase section */

/* Begin PBXGroup section */
		BDE3A8A12891E5FA00C8E2CC = {
			isa = PBXGroup;
			children = (
				BDE3A8E12892F0A200C8E2CC /* ViewControllerThree.swift */,
				BDE3A8AC2891E5FA00C8E2CC /* AboutMedha */,
				BDE3A8C32891E5FA00C8E2CC /* AboutMedhaTests */,
				BDE3A8CD2891E5FA00C8E2CC /* AboutMedhaUITests */,
				BDE3A8AB2891E5FA00C8E2CC /* Products */,
			);
			sourceTree = "<group>";
		};
		BDE3A8AB2891E5FA00C8E2CC /* Products */ = {
			isa = PBXGroup;
			children = (
				BDE3A8AA2891E5FA00C8E2CC /* AboutMedha.app */,
				BDE3A8C02891E5FA00C8E2CC /* AboutMedhaTests.xctest */,
				BDE3A8CA2891E5FA00C8E2CC /* AboutMedhaUITests.xctest */,
			);
			name = Products;
			sourceTree = "<group>";
		};
		BDE3A8AC2891E5FA00C8E2CC /* AboutMedha */ = {
			isa = PBXGroup;
			children = (
				BDE3A8AD2891E5FA00C8E2CC /* AppDelegate.swift */,
				BDE3A8AF2891E5FA00C8E2CC /* SceneDelegate.swift */,
				BDE3A8B12891E5FA00C8E2CC /* ViewController.swift */,
				BDE3A8DF2891F54200C8E2CC /* ViewControllerTwo.swift */,
				BDE3A8B32891E5FA00C8E2CC /* Main.storyboard */,
				BDE3A8B62891E5FA00C8E2CC /* Assets.xcassets */,
				BDE3A8B82891E5FA00C8E2CC /* LaunchScreen.storyboard */,
				BDE3A8BB2891E5FA00C8E2CC /* Info.plist */,
			);
			path = AboutMedha;
			sourceTree = "<group>";
		};
		BDE3A8C32891E5FA00C8E2CC /* AboutMedhaTests */ = {
			isa = PBXGroup;
			children = (
				BDE3A8C42891E5FA00C8E2CC /* AboutMedhaTests.swift */,
			);
			path = AboutMedhaTests;
			sourceTree = "<group>";
		};
		BDE3A8CD2891E5FA00C8E2CC /* AboutMedhaUITests */ = {
			isa = PBXGroup;
			children = (
				BDE3A8CE2891E5FA00C8E2CC /* AboutMedhaUITests.swift */,
				BDE3A8D02891E5FA00C8E2CC /* AboutMedhaUITestsLaunchTests.swift */,
			);
			path = AboutMedhaUITests;
			sourceTree = "<group>";
		};
/* End PBXGroup section */

/* Begin PBXNativeTarget section */
		BDE3A8A92891E5FA00C8E2CC /* AboutMedha */ = {
			isa = PBXNativeTarget;
			buildConfigurationList = BDE3A8D42891E5FA00C8E2CC /* Build configuration list for PBXNativeTarget "AboutMedha" */;
			buildPhases = (
				BDE3A8A62891E5FA00C8E2CC /* Sources */,
				BDE3A8A72891E5FA00C8E2CC /* Frameworks */,
				BDE3A8A82891E5FA00C8E2CC /* Resources */,
			);
			buildRules = (
			);
			dependencies = (
			);
			name = AboutMedha;
			productName = AboutMedha;
			productReference = BDE3A8AA2891E5FA00C8E2CC /* AboutMedha.app */;
			productType = "com.apple.product-type.application";
		};
		BDE3A8BF2891E5FA00C8E2CC /* AboutMedhaTests */ = {
			isa = PBXNativeTarget;
			buildConfigurationList = BDE3A8D72891E5FA00C8E2CC /* Build configuration list for PBXNativeTarget "AboutMedhaTests" */;
			buildPhases = (
				BDE3A8BC2891E5FA00C8E2CC /* Sources */,
				BDE3A8BD2891E5FA00C8E2CC /* Frameworks */,
				BDE3A8BE2891E5FA00C8E2CC /* Resources */,
			);
			buildRules = (
			);
			dependencies = (
				BDE3A8C22891E5FA00C8E2CC /* PBXTargetDependency */,
			);
			name = AboutMedhaTests;
			productName = AboutMedhaTests;
			productReference = BDE3A8C02891E5FA00C8E2CC /* AboutMedhaTests.xctest */;
			productType = "com.apple.product-type.bundle.unit-test";
		};
		BDE3A8C92891E5FA00C8E2CC /* AboutMedhaUITests */ = {
			isa = PBXNativeTarget;
			buildConfigurationList = BDE3A8DA2891E5FA00C8E2CC /* Build configuration list for PBXNativeTarget "AboutMedhaUITests" */;
			buildPhases = (
				BDE3A8C62891E5FA00C8E2CC /* Sources */,
				BDE3A8C72891E5FA00C8E2CC /* Frameworks */,
				BDE3A8C82891E5FA00C8E2CC /* Resources */,
			);
			buildRules = (
			);
			dependencies = (
				BDE3A8CC2891E5FA00C8E2CC /* PBXTargetDependency */,
			);
			name = AboutMedhaUITests;
			productName = AboutMedhaUITests;
			productReference = BDE3A8CA2891E5FA00C8E2CC /* AboutMedhaUITests.xctest */;
			productType = "com.apple.product-type.bundle.ui-testing";
		};
/* End PBXNativeTarget section */

/* Begin PBXProject section */
		BDE3A8A22891E5FA00C8E2CC /* Project object */ = {
			isa = PBXProject;
			attributes = {
				BuildIndependentTargetsInParallel = 1;
				LastSwiftUpdateCheck = 1340;
				LastUpgradeCheck = 1340;
				TargetAttributes = {
					BDE3A8A92891E5FA00C8E2CC = {
						CreatedOnToolsVersion = 13.4;
					};
					BDE3A8BF2891E5FA00C8E2CC = {
						CreatedOnToolsVersion = 13.4;
						TestTargetID = BDE3A8A92891E5FA00C8E2CC;
					};
					BDE3A8C92891E5FA00C8E2CC = {
						CreatedOnToolsVersion = 13.4;
						TestTargetID = BDE3A8A92891E5FA00C8E2CC;
					};
				};
			};
			buildConfigurationList = BDE3A8A52891E5FA00C8E2CC /* Build configuration list for PBXProject "AboutMedha" */;
			compatibilityVersion = "Xcode 13.0";
			developmentRegion = en;
			hasScannedForEncodings = 0;
			knownRegions = (
				en,
				Base,
			);
			mainGroup = BDE3A8A12891E5FA00C8E2CC;
			productRefGroup = BDE3A8AB2891E5FA00C8E2CC /* Products */;
			projectDirPath = "";
			projectRoot = "";
			targets = (
				BDE3A8A92891E5FA00C8E2CC /* AboutMedha */,
				BDE3A8BF2891E5FA00C8E2CC /* AboutMedhaTests */,
				BDE3A8C92891E5FA00C8E2CC /* AboutMedhaUITests */,
			);
		};
/* End PBXProject section */

/* Begin PBXResourcesBuildPhase section */
		BDE3A8A82891E5FA00C8E2CC /* Resources */ = {
			isa = PBXResourcesBuildPhase;
			buildActionMask = 2147483647;
			files = (
				BDE3A8BA2891E5FA00C8E2CC /* LaunchScreen.storyboard in Resources */,
				BDE3A8B72891E5FA00C8E2CC /* Assets.xcassets in Resources */,
				BDE3A8B52891E5FA00C8E2CC /* Main.storyboard in Resources */,
			);
			runOnlyForDeploymentPostprocessing = 0;
		};
		BDE3A8BE2891E5FA00C8E2CC /* Resources */ = {
			isa = PBXResourcesBuildPhase;
			buildActionMask = 2147483647;
			files = (
			);
			runOnlyForDeploymentPostprocessing = 0;
		};
		BDE3A8C82891E5FA00C8E2CC /* Resources */ = {
			isa = PBXResourcesBuildPhase;
			buildActionMask = 2147483647;
			files = (
			);
			runOnlyForDeploymentPostprocessing = 0;
		};
/* End PBXResourcesBuildPhase section */

/* Begin PBXSourcesBuildPhase section */
		BDE3A8A62891E5FA00C8E2CC /* Sources */ = {
			isa = PBXSourcesBuildPhase;
			buildActionMask = 2147483647;
			files = (
				BDE3A8E22892F0A200C8E2CC /* ViewControllerThree.swift in Sources */,
				BDE3A8B22891E5FA00C8E2CC /* ViewController.swift in Sources */,
				BDE3A8AE2891E5FA00C8E2CC /* AppDelegate.swift in Sources */,
				BDE3A8B02891E5FA00C8E2CC /* SceneDelegate.swift in Sources */,
				BDE3A8E02891F54200C8E2CC /* ViewControllerTwo.swift in Sources */,
			);
			runOnlyForDeploymentPostprocessing = 0;
		};
		BDE3A8BC2891E5FA00C8E2CC /* Sources */ = {
			isa = PBXSourcesBuildPhase;
			buildActionMask = 2147483647;
			files = (
				BDE3A8C52891E5FA00C8E2CC /* AboutMedhaTests.swift in Sources */,
			);
			runOnlyForDeploymentPostprocessing = 0;
		};
		BDE3A8C62891E5FA00C8E2CC /* Sources */ = {
			isa = PBXSourcesBuildPhase;
			buildActionMask = 2147483647;
			files = (
				BDE3A8D12891E5FA00C8E2CC /* AboutMedhaUITestsLaunchTests.swift in Sources */,
				BDE3A8CF2891E5FA00C8E2CC /* AboutMedhaUITests.swift in Sources */,
			);
			runOnlyForDeploymentPostprocessing = 0;
		};
/* End PBXSourcesBuildPhase section */

/* Begin PBXTargetDependency section */
		BDE3A8C22891E5FA00C8E2CC /* PBXTargetDependency */ = {
			isa = PBXTargetDependency;
			target = BDE3A8A92891E5FA00C8E2CC /* AboutMedha */;
			targetProxy = BDE3A8C12891E5FA00C8E2CC /* PBXContainerItemProxy */;
		};
		BDE3A8CC2891E5FA00C8E2CC /* PBXTargetDependency */ = {
			isa = PBXTargetDependency;
			target = BDE3A8A92891E5FA00C8E2CC /* AboutMedha */;
			targetProxy = BDE3A8CB2891E5FA00C8E2CC /* PBXContainerItemProxy */;
		};
/* End PBXTargetDependency section */

/* Begin PBXVariantGroup section */
		BDE3A8B32891E5FA00C8E2CC /* Main.storyboard */ = {
			isa = PBXVariantGroup;
			children = (
				BDE3A8B42891E5FA00C8E2CC /* Base */,
			);
			name = Main.storyboard;
			sourceTree = "<group>";
		};
		BDE3A8B82891E5FA00C8E2CC /* LaunchScreen.storyboard */ = {
			isa = PBXVariantGroup;
			children = (
				BDE3A8B92891E5FA00C8E2CC /* Base */,
			);
			name = LaunchScreen.storyboard;
			sourceTree = "<group>";
		};
/* End PBXVariantGroup section */

/* Begin XCBuildConfiguration section */
		BDE3A8D22891E5FA00C8E2CC /* Debug */ = {
			isa = XCBuildConfiguration;
			buildSettings = {
				ALWAYS_SEARCH_USER_PATHS = NO;
				CLANG_ANALYZER_NONNULL = YES;
				CLANG_ANALYZER_NUMBER_OBJECT_CONVERSION = YES_AGGRESSIVE;
				CLANG_CXX_LANGUAGE_STANDARD = "gnu++17";
				CLANG_ENABLE_MODULES = YES;
				CLANG_ENABLE_OBJC_ARC = YES;
				CLANG_ENABLE_OBJC_WEAK = YES;
				CLANG_WARN_BLOCK_CAPTURE_AUTORELEASING = YES;
				CLANG_WARN_BOOL_CONVERSION = YES;
				CLANG_WARN_COMMA = YES;
				CLANG_WARN_CONSTANT_CONVERSION = YES;
				CLANG_WARN_DEPRECATED_OBJC_IMPLEMENTATIONS = YES;
				CLANG_WARN_DIRECT_OBJC_ISA_USAGE = YES_ERROR;
				CLANG_WARN_DOCUMENTATION_COMMENTS = YES;
				CLANG_WARN_EMPTY_BODY = YES;
				CLANG_WARN_ENUM_CONVERSION = YES;
				CLANG_WARN_INFINITE_RECURSION = YES;
				CLANG_WARN_INT_CONVERSION = YES;
				CLANG_WARN_NON_LITERAL_NULL_CONVERSION = YES;
				CLANG_WARN_OBJC_IMPLICIT_RETAIN_SELF = YES;
				CLANG_WARN_OBJC_LITERAL_CONVERSION = YES;
				CLANG_WARN_OBJC_ROOT_CLASS = YES_ERROR;
				CLANG_WARN_QUOTED_INCLUDE_IN_FRAMEWORK_HEADER = YES;
				CLANG_WARN_RANGE_LOOP_ANALYSIS = YES;
				CLANG_WARN_STRICT_PROTOTYPES = YES;
				CLANG_WARN_SUSPICIOUS_MOVE = YES;
				CLANG_WARN_UNGUARDED_AVAILABILITY = YES_AGGRESSIVE;
				CLANG_WARN_UNREACHABLE_CODE = YES;
				CLANG_WARN__DUPLICATE_METHOD_MATCH = YES;
				COPY_PHASE_STRIP = NO;
				DEBUG_INFORMATION_FORMAT = dwarf;
				ENABLE_STRICT_OBJC_MSGSEND = YES;
				ENABLE_TESTABILITY = YES;
				GCC_C_LANGUAGE_STANDARD = gnu11;
				GCC_DYNAMIC_NO_PIC = NO;
				GCC_NO_COMMON_BLOCKS = YES;
				GCC_OPTIMIZATION_LEVEL = 0;
				GCC_PREPROCESSOR_DEFINITIONS = (
					"DEBUG=1",
					"$(inherited)",
				);
				GCC_WARN_64_TO_32_BIT_CONVERSION = YES;
				GCC_WARN_ABOUT_RETURN_TYPE = YES_ERROR;
				GCC_WARN_UNDECLARED_SELECTOR = YES;
				GCC_WARN_UNINITIALIZED_AUTOS = YES_AGGRESSIVE;
				GCC_WARN_UNUSED_FUNCTION = YES;
				GCC_WARN_UNUSED_VARIABLE = YES;
				IPHONEOS_DEPLOYMENT_TARGET = 15.5;
				MTL_ENABLE_DEBUG_INFO = INCLUDE_SOURCE;
				MTL_FAST_MATH = YES;
				ONLY_ACTIVE_ARCH = YES;
				SDKROOT = iphoneos;
				SWIFT_ACTIVE_COMPILATION_CONDITIONS = DEBUG;
				SWIFT_OPTIMIZATION_LEVEL = "-Onone";
			};
			name = Debug;
		};
		BDE3A8D32891E5FA00C8E2CC /* Release */ = {
			isa = XCBuildConfiguration;
			buildSettings = {
				ALWAYS_SEARCH_USER_PATHS = NO;
				CLANG_ANALYZER_NONNULL = YES;
				CLANG_ANALYZER_NUMBER_OBJECT_CONVERSION = YES_AGGRESSIVE;
				CLANG_CXX_LANGUAGE_STANDARD = "gnu++17";
				CLANG_ENABLE_MODULES = YES;
				CLANG_ENABLE_OBJC_ARC = YES;
				CLANG_ENABLE_OBJC_WEAK = YES;
				CLANG_WARN_BLOCK_CAPTURE_AUTORELEASING = YES;
				CLANG_WARN_BOOL_CONVERSION = YES;
				CLANG_WARN_COMMA = YES;
				CLANG_WARN_CONSTANT_CONVERSION = YES;
				CLANG_WARN_DEPRECATED_OBJC_IMPLEMENTATIONS = YES;
				CLANG_WARN_DIRECT_OBJC_ISA_USAGE = YES_ERROR;
				CLANG_WARN_DOCUMENTATION_COMMENTS = YES;
				CLANG_WARN_EMPTY_BODY = YES;
				CLANG_WARN_ENUM_CONVERSION = YES;
				CLANG_WARN_INFINITE_RECURSION = YES;
				CLANG_WARN_INT_CONVERSION = YES;
				CLANG_WARN_NON_LITERAL_NULL_CONVERSION = YES;
				CLANG_WARN_OBJC_IMPLICIT_RETAIN_SELF = YES;
				CLANG_WARN_OBJC_LITERAL_CONVERSION = YES;
				CLANG_WARN_OBJC_ROOT_CLASS = YES_ERROR;
				CLANG_WARN_QUOTED_INCLUDE_IN_FRAMEWORK_HEADER = YES;
				CLANG_WARN_RANGE_LOOP_ANALYSIS = YES;
				CLANG_WARN_STRICT_PROTOTYPES = YES;
				CLANG_WARN_SUSPICIOUS_MOVE = YES;
				CLANG_WARN_UNGUARDED_AVAILABILITY = YES_AGGRESSIVE;
				CLANG_WARN_UNREACHABLE_CODE = YES;
				CLANG_WARN__DUPLICATE_METHOD_MATCH = YES;
				COPY_PHASE_STRIP = NO;
				DEBUG_INFORMATION_FORMAT = "dwarf-with-dsym";
				ENABLE_NS_ASSERTIONS = NO;
				ENABLE_STRICT_OBJC_MSGSEND = YES;
				GCC_C_LANGUAGE_STANDARD = gnu11;
				GCC_NO_COMMON_BLOCKS = YES;
				GCC_WARN_64_TO_32_BIT_CONVERSION = YES;
				GCC_WARN_ABOUT_RETURN_TYPE = YES_ERROR;
				GCC_WARN_UNDECLARED_SELECTOR = YES;
				GCC_WARN_UNINITIALIZED_AUTOS = YES_AGGRESSIVE;
				GCC_WARN_UNUSED_FUNCTION = YES;
				GCC_WARN_UNUSED_VARIABLE = YES;
				IPHONEOS_DEPLOYMENT_TARGET = 15.5;
				MTL_ENABLE_DEBUG_INFO = NO;
				MTL_FAST_MATH = YES;
				SDKROOT = iphoneos;
				SWIFT_COMPILATION_MODE = wholemodule;
				SWIFT_OPTIMIZATION_LEVEL = "-O";
				VALIDATE_PRODUCT = YES;
			};
			name = Release;
		};
		BDE3A8D52891E5FA00C8E2CC /* Debug */ = {
			isa = XCBuildConfiguration;
			buildSettings = {
				ASSETCATALOG_COMPILER_APPICON_NAME = AppIcon;
				ASSETCATALOG_COMPILER_GLOBAL_ACCENT_COLOR_NAME = AccentColor;
				CODE_SIGN_STYLE = Automatic;
				CURRENT_PROJECT_VERSION = 1;
				GENERATE_INFOPLIST_FILE = YES;
				INFOPLIST_FILE = AboutMedha/Info.plist;
				INFOPLIST_KEY_UIApplicationSupportsIndirectInputEvents = YES;
				INFOPLIST_KEY_UILaunchStoryboardName = LaunchScreen;
				INFOPLIST_KEY_UIMainStoryboardFile = Main;
				INFOPLIST_KEY_UISupportedInterfaceOrientations_iPad = "UIInterfaceOrientationPortrait UIInterfaceOrientationPortraitUpsideDown UIInterfaceOrientationLandscapeLeft UIInterfaceOrientationLandscapeRight";
				INFOPLIST_KEY_UISupportedInterfaceOrientations_iPhone = "UIInterfaceOrientationPortrait UIInterfaceOrientationLandscapeLeft UIInterfaceOrientationLandscapeRight";
				LD_RUNPATH_SEARCH_PATHS = (
					"$(inherited)",
					"@executable_path/Frameworks",
				);
				MARKETING_VERSION = 1.0;
				PRODUCT_BUNDLE_IDENTIFIER = kwk.AboutMedha;
				PRODUCT_NAME = "$(TARGET_NAME)";
				SWIFT_EMIT_LOC_STRINGS = YES;
				SWIFT_VERSION = 5.0;
				TARGETED_DEVICE_FAMILY = "1,2";
			};
			name = Debug;
		};
		BDE3A8D62891E5FA00C8E2CC /* Release */ = {
			isa = XCBuildConfiguration;
			buildSettings = {
				ASSETCATALOG_COMPILER_APPICON_NAME = AppIcon;
				ASSETCATALOG_COMPILER_GLOBAL_ACCENT_COLOR_NAME = AccentColor;
				CODE_SIGN_STYLE = Automatic;
				CURRENT_PROJECT_VERSION = 1;
				GENERATE_INFOPLIST_FILE = YES;
				INFOPLIST_FILE = AboutMedha/Info.plist;
				INFOPLIST_KEY_UIApplicationSupportsIndirectInputEvents = YES;
				INFOPLIST_KEY_UILaunchStoryboardName = LaunchScreen;
				INFOPLIST_KEY_UIMainStoryboardFile = Main;
				INFOPLIST_KEY_UISupportedInterfaceOrientations_iPad = "UIInterfaceOrientationPortrait UIInterfaceOrientationPortraitUpsideDown UIInterfaceOrientationLandscapeLeft UIInterfaceOrientationLandscapeRight";
				INFOPLIST_KEY_UISupportedInterfaceOrientations_iPhone = "UIInterfaceOrientationPortrait UIInterfaceOrientationLandscapeLeft UIInterfaceOrientationLandscapeRight";
				LD_RUNPATH_SEARCH_PATHS = (
					"$(inherited)",
					"@executable_path/Frameworks",
				);
				MARKETING_VERSION = 1.0;
				PRODUCT_BUNDLE_IDENTIFIER = kwk.AboutMedha;
				PRODUCT_NAME = "$(TARGET_NAME)";
				SWIFT_EMIT_LOC_STRINGS = YES;
				SWIFT_VERSION = 5.0;
				TARGETED_DEVICE_FAMILY = "1,2";
			};
			name = Release;
		};
		BDE3A8D82891E5FA00C8E2CC /* Debug */ = {
			isa = XCBuildConfiguration;
			buildSettings = {
				ALWAYS_EMBED_SWIFT_STANDARD_LIBRARIES = YES;
				BUNDLE_LOADER = "$(TEST_HOST)";
				CODE_SIGN_STYLE = Automatic;
				CURRENT_PROJECT_VERSION = 1;
				GENERATE_INFOPLIST_FILE = YES;
				IPHONEOS_DEPLOYMENT_TARGET = 15.5;
				MARKETING_VERSION = 1.0;
				PRODUCT_BUNDLE_IDENTIFIER = kwk.AboutMedhaTests;
				PRODUCT_NAME = "$(TARGET_NAME)";
				SWIFT_EMIT_LOC_STRINGS = NO;
				SWIFT_VERSION = 5.0;
				TARGETED_DEVICE_FAMILY = "1,2";
				TEST_HOST = "$(BUILT_PRODUCTS_DIR)/AboutMedha.app/AboutMedha";
			};
			name = Debug;
		};
		BDE3A8D92891E5FA00C8E2CC /* Release */ = {
			isa = XCBuildConfiguration;
			buildSettings = {
				ALWAYS_EMBED_SWIFT_STANDARD_LIBRARIES = YES;
				BUNDLE_LOADER = "$(TEST_HOST)";
				CODE_SIGN_STYLE = Automatic;
				CURRENT_PROJECT_VERSION = 1;
				GENERATE_INFOPLIST_FILE = YES;
				IPHONEOS_DEPLOYMENT_TARGET = 15.5;
				MARKETING_VERSION = 1.0;
				PRODUCT_BUNDLE_IDENTIFIER = kwk.AboutMedhaTests;
				PRODUCT_NAME = "$(TARGET_NAME)";
				SWIFT_EMIT_LOC_STRINGS = NO;
				SWIFT_VERSION = 5.0;
				TARGETED_DEVICE_FAMILY = "1,2";
				TEST_HOST = "$(BUILT_PRODUCTS_DIR)/AboutMedha.app/AboutMedha";
			};
			name = Release;
		};
		BDE3A8DB2891E5FA00C8E2CC /* Debug */ = {
			isa = XCBuildConfiguration;
			buildSettings = {
				ALWAYS_EMBED_SWIFT_STANDARD_LIBRARIES = YES;
				CODE_SIGN_STYLE = Automatic;
				CURRENT_PROJECT_VERSION = 1;
				GENERATE_INFOPLIST_FILE = YES;
				MARKETING_VERSION = 1.0;
				PRODUCT_BUNDLE_IDENTIFIER = kwk.AboutMedhaUITests;
				PRODUCT_NAME = "$(TARGET_NAME)";
				SWIFT_EMIT_LOC_STRINGS = NO;
				SWIFT_VERSION = 5.0;
				TARGETED_DEVICE_FAMILY = "1,2";
				TEST_TARGET_NAME = AboutMedha;
			};
			name = Debug;
		};
		BDE3A8DC2891E5FA00C8E2CC /* Release */ = {
			isa = XCBuildConfiguration;
			buildSettings = {
				ALWAYS_EMBED_SWIFT_STANDARD_LIBRARIES = YES;
				CODE_SIGN_STYLE = Automatic;
				CURRENT_PROJECT_VERSION = 1;
				GENERATE_INFOPLIST_FILE = YES;
				MARKETING_VERSION = 1.0;
				PRODUCT_BUNDLE_IDENTIFIER = kwk.AboutMedhaUITests;
				PRODUCT_NAME = "$(TARGET_NAME)";
				SWIFT_EMIT_LOC_STRINGS = NO;
				SWIFT_VERSION = 5.0;
				TARGETED_DEVICE_FAMILY = "1,2";
				TEST_TARGET_NAME = AboutMedha;
			};
			name = Release;
		};
/* End XCBuildConfiguration section */

/* Begin XCConfigurationList section */
		BDE3A8A52891E5FA00C8E2CC /* Build configuration list for PBXProject "AboutMedha" */ = {
			isa = XCConfigurationList;
			buildConfigurations = (
				BDE3A8D22891E5FA00C8E2CC /* Debug */,
				BDE3A8D32891E5FA00C8E2CC /* Release */,
			);
			defaultConfigurationIsVisible = 0;
			defaultConfigurationName = Release;
		};
		BDE3A8D42891E5FA00C8E2CC /* Build configuration list for PBXNativeTarget "AboutMedha" */ = {
			isa = XCConfigurationList;
			buildConfigurations = (
				BDE3A8D52891E5FA00C8E2CC /* Debug */,
				BDE3A8D62891E5FA00C8E2CC /* Release */,
			);
			defaultConfigurationIsVisible = 0;
			defaultConfigurationName = Release;
		};
		BDE3A8D72891E5FA00C8E2CC /* Build configuration list for PBXNativeTarget "AboutMedhaTests" */ = {
			isa = XCConfigurationList;
			buildConfigurations = (
				BDE3A8D82891E5FA00C8E2CC /* Debug */,
				BDE3A8D92891E5FA00C8E2CC /* Release */,
			);
			defaultConfigurationIsVisible = 0;
			defaultConfigurationName = Release;
		};
		BDE3A8DA2891E5FA00C8E2CC /* Build configuration list for PBXNativeTarget "AboutMedhaUITests" */ = {
			isa = XCConfigurationList;
			buildConfigurations = (
				BDE3A8DB2891E5FA00C8E2CC /* Debug */,
				BDE3A8DC2891E5FA00C8E2CC /* Release */,
			);
			defaultConfigurationIsVisible = 0;
			defaultConfigurationName = Release;
		};
/* End XCConfigurationList section */
	};
	rootObject = BDE3A8A22891E5FA00C8E2CC /* Project object */;
}
